
Microsoft Visual Studio Solution File, Format Version 11.00
# Visual Studio 2010
Project("{FAE04EC0-301F-11D3-BF4B-00C04F79EFBC}") = "NLC.Core.Game", "NLC.Core.Game.csproj", "{fd39c22e-4de8-caee-1be4-a8ce25293c28}"
EndProject
Project("{FAE04EC0-301F-11D3-BF4B-00C04F79EFBC}") = "NLC.Core.Resource", "NLC.Core.Resource.csproj", "{0794fd7b-80b3-9080-447c-c2438f3e26cb}"
EndProject
Project("{FAE04EC0-301F-11D3-BF4B-00C04F79EFBC}") = "Assembly-CSharp", "Assembly-CSharp.csproj", "{70dd6014-084e-b38b-cdd9-454a80f9fc5f}"
EndProject
Global
	GlobalSection(SolutionConfigurationPlatforms) = preSolution
		Debug|Any CPU = Debug|Any CPU
	EndGlobalSection
	GlobalSection(ProjectConfigurationPlatforms) = postSolution
		{fd39c22e-4de8-caee-1be4-a8ce25293c28}.Debug|Any CPU.ActiveCfg = Debug|Any CPU
		{fd39c22e-4de8-caee-1be4-a8ce25293c28}.Debug|Any CPU.Build.0 = Debug|Any CPU
		{0794fd7b-80b3-9080-447c-c2438f3e26cb}.Debug|Any CPU.ActiveCfg = Debug|Any CPU
		{0794fd7b-80b3-9080-447c-c2438f3e26cb}.Debug|Any CPU.Build.0 = Debug|Any CPU
		{70dd6014-084e-b38b-cdd9-454a80f9fc5f}.Debug|Any CPU.ActiveCfg = Debug|Any CPU
		{70dd6014-084e-b38b-cdd9-454a80f9fc5f}.Debug|Any CPU.Build.0 = Debug|Any CPU
	EndGlobalSection
	GlobalSection(SolutionProperties) = preSolution
		HideSolutionNode = FALSE
	EndGlobalSection
EndGlobal
